	<Project xmlns="http://schemas.microsoft.com/developer/msbuild/2003">
		<PropertyGroup>
			<ProjectGuid>{12BE3028-BA88-4D8C-9312-24C77766990B}</ProjectGuid>
			<MainSource>TaskEditor.dpr</MainSource>
			<Base>True</Base>
			<Config Condition="'$(Config)'==''">Debug</Config>
			<Platform>Win32</Platform>
			<AppType>Application</AppType>
			<FrameworkType>VCL</FrameworkType>
			<DCC_DCCCompiler>DCC32</DCC_DCCCompiler>
			<ProjectVersion>12.2</ProjectVersion>
		</PropertyGroup>
		<PropertyGroup Condition="'$(Config)'=='Base' or '$(Base)'!=''">
			<Base>true</Base>
		</PropertyGroup>
		<PropertyGroup Condition="'$(Config)'=='Release' or '$(Cfg_1)'!=''">
			<Cfg_1>true</Cfg_1>
			<CfgParent>Base</CfgParent>
			<Base>true</Base>
		</PropertyGroup>
		<PropertyGroup Condition="'$(Config)'=='Debug' or '$(Cfg_2)'!=''">
			<Cfg_2>true</Cfg_2>
			<CfgParent>Base</CfgParent>
			<Base>true</Base>
		</PropertyGroup>
		<PropertyGroup Condition="'$(Base)'!=''">
			<DCC_ImageBase>00400000</DCC_ImageBase>
			<DCC_MapFile>3</DCC_MapFile>
			<DCC_UsePackage>vcl;rtl;vclx;dbrtl;vcldb;adortl;dbxcds;dbexpress;vclib;ibxpress;xmlrtl;vclactnband;inet;IntrawebDB_80_100;Intraweb_80_100;vclie;inetdbbde;inetdbxpress;IndyCore;IndySystem;dclOfficeXP;VclSmp;soaprtl;dsnap;IndyProtocols;bdertl;teeui;teedb;tee;vcldbx;dsnapcon;websnap;webdsnap;SocketD7;NMUdpk</DCC_UsePackage>
			<DCC_UnitSearchPath>..\..\..\common\pas\src;..\..\..\common\pas\libs\directx9 sdk jedi\pas\Borland_D10;..\..\..\common\pas\libs\gdiplus\pas;..\..\..\GameCommon\pascal;..\common;$(DCC_UnitSearchPath)</DCC_UnitSearchPath>
			<DCC_UnitAlias>WinTypes=Windows;WinProcs=Windows;DbiTypes=BDE;DbiProcs=BDE;DbiErrs=BDE;$(DCC_UnitAlias)</DCC_UnitAlias>
			<DCC_Define>EUREKALOG;EUREKALOG_VER6;$(DCC_Define)</DCC_Define>
			<DCC_ExeOutput>..\..\..\..\..\idgp\AnHei\!SC\tools\TaskEditor</DCC_ExeOutput>
			<DCC_K>false</DCC_K>
			<DCC_N>true</DCC_N>
			<DCC_S>false</DCC_S>
			<DCC_F>false</DCC_F>
			<DCC_SymbolReferenceInfo>1</DCC_SymbolReferenceInfo>
			<DCC_DcuOutput>D:\work\output\dcu</DCC_DcuOutput>
			<DCC_E>false</DCC_E>
		</PropertyGroup>
		<PropertyGroup Condition="'$(Cfg_1)'!=''">
			<DCC_LocalDebugSymbols>false</DCC_LocalDebugSymbols>
			<DCC_Define>RELEASE;$(DCC_Define)</DCC_Define>
			<DCC_SymbolReferenceInfo>0</DCC_SymbolReferenceInfo>
			<DCC_DebugInformation>false</DCC_DebugInformation>
		</PropertyGroup>
		<PropertyGroup Condition="'$(Cfg_2)'!=''">
			<DCC_Define>DEBUG;$(DCC_Define)</DCC_Define>
			<DCC_Optimize>false</DCC_Optimize>
			<DCC_GenerateStackFrames>true</DCC_GenerateStackFrames>
		</PropertyGroup>
		<ItemGroup>
			<DelphiCompile Include="TaskEditor.dpr">
				<MainSource>MainSource</MainSource>
			</DelphiCompile>
			<DCCReference Include="UnitMain.pas">
				<Form>frmMain</Form>
			</DCCReference>
			<DCCReference Include="..\Additions\MXML.pas"/>
			<DCCReference Include="UnitRoleEdit.pas">
				<Form>frmRoleEdit</Form>
			</DCCReference>
			<DCCReference Include="UnitRoleItemAndAward.pas">
				<Form>frmRoleItemAndAward</Form>
			</DCCReference>
			<DCCReference Include="UnitViewRole.pas">
				<Form>frmViewRoleInfo</Form>
			</DCCReference>
			<DCCReference Include="UnitRoleRelation.pas">
				<Form>frmRoleRelation</Form>
			</DCCReference>
			<DCCReference Include="UnitGenRoleAdt.pas"/>
			<DCCReference Include="..\common\AdtTypes.pas"/>
			<DCCReference Include="UnitMonItemReader.pas"/>
			<DCCReference Include="UnitSelLocation.pas">
				<Form>frmSelLocation</Form>
			</DCCReference>
			<DCCReference Include="..\common\XML2Cbp.pas"/>
			<DCCReference Include="..\common\UnitLangPackage.pas"/>
			<DCCReference Include="..\common\UnitLPConnect.pas">
				<Form>frmLPConnect</Form>
			</DCCReference>
			<DCCReference Include="..\common\uDocStateCheck.pas"/>
			<DCCReference Include="UnitSettings.pas">
				<Form>FrmSettings</Form>
			</DCCReference>
			<DCCReference Include="..\common\UnitSelectLanguages.pas">
				<Form>frmSelectLanguages</Form>
			</DCCReference>
			<None Include="ModelSupport_TaskEditor\default.txaPackage"/>
			<BuildConfiguration Include="Debug">
				<Key>Cfg_2</Key>
				<CfgParent>Base</CfgParent>
			</BuildConfiguration>
			<BuildConfiguration Include="Base">
				<Key>Base</Key>
			</BuildConfiguration>
			<BuildConfiguration Include="Release">
				<Key>Cfg_1</Key>
				<CfgParent>Base</CfgParent>
			</BuildConfiguration>
		</ItemGroup>
		<Import Condition="Exists('$(BDS)\Bin\CodeGear.Delphi.Targets')" Project="$(BDS)\Bin\CodeGear.Delphi.Targets"/>
		<Import Condition="Exists('$(APPDATA)\Embarcadero\$(BDSAPPDATABASEDIR)\8.0\UserTools.proj')" Project="$(APPDATA)\Embarcadero\$(BDSAPPDATABASEDIR)\8.0\UserTools.proj"/>
		<ProjectExtensions>
			<Borland.Personality>Delphi.Personality.12</Borland.Personality>
			<Borland.ProjectType/>
			<BorlandProject>
				<Delphi.Personality>
					<Source>
						<Source Name="MainSource">TaskEditor.dpr</Source>
					</Source>
					<VersionInfo>
						<VersionInfo Name="IncludeVerInfo">True</VersionInfo>
						<VersionInfo Name="AutoIncBuild">False</VersionInfo>
						<VersionInfo Name="MajorVer">2</VersionInfo>
						<VersionInfo Name="MinorVer">1</VersionInfo>
						<VersionInfo Name="Release">0</VersionInfo>
						<VersionInfo Name="Build">0</VersionInfo>
						<VersionInfo Name="Debug">False</VersionInfo>
						<VersionInfo Name="PreRelease">False</VersionInfo>
						<VersionInfo Name="Special">False</VersionInfo>
						<VersionInfo Name="Private">False</VersionInfo>
						<VersionInfo Name="DLL">False</VersionInfo>
						<VersionInfo Name="Locale">2052</VersionInfo>
						<VersionInfo Name="CodePage">936</VersionInfo>
					</VersionInfo>
					<VersionInfoKeys>
						<VersionInfoKeys Name="CompanyName"/>
						<VersionInfoKeys Name="FileDescription"/>
						<VersionInfoKeys Name="FileVersion">2.1.0.0</VersionInfoKeys>
						<VersionInfoKeys Name="InternalName"/>
						<VersionInfoKeys Name="LegalCopyright"/>
						<VersionInfoKeys Name="LegalTrademarks"/>
						<VersionInfoKeys Name="OriginalFilename"/>
						<VersionInfoKeys Name="ProductName"/>
						<VersionInfoKeys Name="ProductVersion">1.0.0.0</VersionInfoKeys>
						<VersionInfoKeys Name="Comments">Product By Miros</VersionInfoKeys>
						<VersionInfoKeys Name="LastCompiledTime">2011-9-22 0:12:59</VersionInfoKeys>
					</VersionInfoKeys>
				</Delphi.Personality>
				<Platforms>
					<Platform value="Win32">True</Platform>
				</Platforms>
			</BorlandProject>
			<ProjectFileVersion>12</ProjectFileVersion>
		</ProjectExtensions>
	</Project>
